// !$*UTF8*$!
{
	archiveVersion = 1;
	classes = {
	};
	objectVersion = 55;
	objects = {

/* Begin PBXBuildFile section */
		DD1F475B28FFB8B90019BF91 /* MovieViewModel.swift in Sources */ = {isa = PBXBuildFile; fileRef = DD1F475A28FFB8B90019BF91 /* MovieViewModel.swift */; };
		DD1F475E28FFB8D50019BF91 /* MovieListModel.swift in Sources */ = {isa = PBXBuildFile; fileRef = DD1F475C28FFB8D50019BF91 /* MovieListModel.swift */; };
		DD1F475F28FFB8D50019BF91 /* MovieCollectionViewCell.swift in Sources */ = {isa = PBXBuildFile; fileRef = DD1F475D28FFB8D50019BF91 /* MovieCollectionViewCell.swift */; };
		DD1F476128FFB8DD0019BF91 /* MovieCollectionViewCell.xib in Resources */ = {isa = PBXBuildFile; fileRef = DD1F476028FFB8DD0019BF91 /* MovieCollectionViewCell.xib */; };
		DDD0A2CF28FFA8D100AE97D4 /* AppDelegate.swift in Sources */ = {isa = PBXBuildFile; fileRef = DDD0A2CE28FFA8D100AE97D4 /* AppDelegate.swift */; };
		DDD0A2D128FFA8D100AE97D4 /* SceneDelegate.swift in Sources */ = {isa = PBXBuildFile; fileRef = DDD0A2D028FFA8D100AE97D4 /* SceneDelegate.swift */; };
		DDD0A2D328FFA8D100AE97D4 /* ViewController.swift in Sources */ = {isa = PBXBuildFile; fileRef = DDD0A2D228FFA8D100AE97D4 /* ViewController.swift */; };
		DDD0A2D628FFA8D100AE97D4 /* Main.storyboard in Resources */ = {isa = PBXBuildFile; fileRef = DDD0A2D428FFA8D100AE97D4 /* Main.storyboard */; };
		DDD0A2D828FFA8D200AE97D4 /* Assets.xcassets in Resources */ = {isa = PBXBuildFile; fileRef = DDD0A2D728FFA8D200AE97D4 /* Assets.xcassets */; };
		DDD0A2DB28FFA8D200AE97D4 /* LaunchScreen.storyboard in Resources */ = {isa = PBXBuildFile; fileRef = DDD0A2D928FFA8D200AE97D4 /* LaunchScreen.storyboard */; };
/* End PBXBuildFile section */

/* Begin PBXFileReference section */
		DD1F475A28FFB8B90019BF91 /* MovieViewModel.swift */ = {isa = PBXFileReference; fileEncoding = 4; lastKnownFileType = sourcecode.swift; path = MovieViewModel.swift; sourceTree = "<group>"; };
		DD1F475C28FFB8D50019BF91 /* MovieListModel.swift */ = {isa = PBXFileReference; fileEncoding = 4; lastKnownFileType = sourcecode.swift; path = MovieListModel.swift; sourceTree = "<group>"; };
		DD1F475D28FFB8D50019BF91 /* MovieCollectionViewCell.swift */ = {isa = PBXFileReference; fileEncoding = 4; lastKnownFileType = sourcecode.swift; path = MovieCollectionViewCell.swift; sourceTree = "<group>"; };
		DD1F476028FFB8DD0019BF91 /* MovieCollectionViewCell.xib */ = {isa = PBXFileReference; fileEncoding = 4; lastKnownFileType = file.xib; path = MovieCollectionViewCell.xib; sourceTree = "<group>"; };
		DDD0A2CB28FFA8D100AE97D4 /* MovieSearch-MVVM.app */ = {isa = PBXFileReference; explicitFileType = wrapper.application; includeInIndex = 0; path = "MovieSearch-MVVM.app"; sourceTree = BUILT_PRODUCTS_DIR; };
		DDD0A2CE28FFA8D100AE97D4 /* AppDelegate.swift */ = {isa = PBXFileReference; lastKnownFileType = sourcecode.swift; path = AppDelegate.swift; sourceTree = "<group>"; };
		DDD0A2D028FFA8D100AE97D4 /* SceneDelegate.swift */ = {isa = PBXFileReference; lastKnownFileType = sourcecode.swift; path = SceneDelegate.swift; sourceTree = "<group>"; };
		DDD0A2D228FFA8D100AE97D4 /* ViewController.swift */ = {isa = PBXFileReference; lastKnownFileType = sourcecode.swift; path = ViewController.swift; sourceTree = "<group>"; };
		DDD0A2D528FFA8D100AE97D4 /* Base */ = {isa = PBXFileReference; lastKnownFileType = file.storyboard; name = Base; path = Base.lproj/Main.storyboard; sourceTree = "<group>"; };
		DDD0A2D728FFA8D200AE97D4 /* Assets.xcassets */ = {isa = PBXFileReference; lastKnownFileType = folder.assetcatalog; path = Assets.xcassets; sourceTree = "<group>"; };
		DDD0A2DA28FFA8D200AE97D4 /* Base */ = {isa = PBXFileReference; lastKnownFileType = file.storyboard; name = Base; path = Base.lproj/LaunchScreen.storyboard; sourceTree = "<group>"; };
		DDD0A2DC28FFA8D200AE97D4 /* Info.plist */ = {isa = PBXFileReference; lastKnownFileType = text.plist.xml; path = Info.plist; sourceTree = "<group>"; };
/* End PBXFileReference section */

/* Begin PBXFrameworksBuildPhase section */
		DDD0A2C828FFA8D100AE97D4 /* Frameworks */ = {
			isa = PBXFrameworksBuildPhase;
			buildActionMask = 2147483647;
			files = (
			);
			runOnlyForDeploymentPostprocessing = 0;
		};
/* End PBXFrameworksBuildPhase section */

/* Begin PBXGroup section */
		DDD0A2C228FFA8D100AE97D4 = {
			isa = PBXGroup;
			children = (
				DDD0A2CD28FFA8D100AE97D4 /* MovieSearch-MVVM */,
				DDD0A2CC28FFA8D100AE97D4 /* Products */,
			);
			sourceTree = "<group>";
		};
		DDD0A2CC28FFA8D100AE97D4 /* Products */ = {
			isa = PBXGroup;
			children = (
				DDD0A2CB28FFA8D100AE97D4 /* MovieSearch-MVVM.app */,
			);
			name = Products;
			sourceTree = "<group>";
		};
		DDD0A2CD28FFA8D100AE97D4 /* MovieSearch-MVVM */ = {
			isa = PBXGroup;
			children = (
				DDD0A2CE28FFA8D100AE97D4 /* AppDelegate.swift */,
				DD1F475D28FFB8D50019BF91 /* MovieCollectionViewCell.swift */,
				DD1F475C28FFB8D50019BF91 /* MovieListModel.swift */,
				DD1F475A28FFB8B90019BF91 /* MovieViewModel.swift */,
				DD1F476028FFB8DD0019BF91 /* MovieCollectionViewCell.xib */,
				DDD0A2D028FFA8D100AE97D4 /* SceneDelegate.swift */,
				DDD0A2D228FFA8D100AE97D4 /* ViewController.swift */,
				DDD0A2D428FFA8D100AE97D4 /* Main.storyboard */,
				DDD0A2D728FFA8D200AE97D4 /* Assets.xcassets */,
				DDD0A2D928FFA8D200AE97D4 /* LaunchScreen.storyboard */,
				DDD0A2DC28FFA8D200AE97D4 /* Info.plist */,
			);
			path = "MovieSearch-MVVM";
			sourceTree = "<group>";
		};
/* End PBXGroup section */

/* Begin PBXNativeTarget section */
		DDD0A2CA28FFA8D100AE97D4 /* MovieSearch-MVVM */ = {
			isa = PBXNativeTarget;
			buildConfigurationList = DDD0A2DF28FFA8D200AE97D4 /* Build configuration list for PBXNativeTarget "MovieSearch-MVVM" */;
			buildPhases = (
				DDD0A2C728FFA8D100AE97D4 /* Sources */,
				DDD0A2C828FFA8D100AE97D4 /* Frameworks */,
				DDD0A2C928FFA8D100AE97D4 /* Resources */,
			);
			buildRules = (
			);
			dependencies = (
			);
			name = "MovieSearch-MVVM";
			productName = "MovieSearch-MVVM";
			productReference = DDD0A2CB28FFA8D100AE97D4 /* MovieSearch-MVVM.app */;
			productType = "com.apple.product-type.application";
		};
/* End PBXNativeTarget section */

/* Begin PBXProject section */
		DDD0A2C328FFA8D100AE97D4 /* Project object */ = {
			isa = PBXProject;
			attributes = {
				BuildIndependentTargetsInParallel = 1;
				LastSwiftUpdateCheck = 1300;
				LastUpgradeCheck = 1300;
				TargetAttributes = {
					DDD0A2CA28FFA8D100AE97D4 = {
						CreatedOnToolsVersion = 13.0;
					};
				};
			};
			buildConfigurationList = DDD0A2C628FFA8D100AE97D4 /* Build configuration list for PBXProject "MovieSearch-MVVM" */;
			compatibilityVersion = "Xcode 13.0";
			developmentRegion = en;
			hasScannedForEncodings = 0;
			knownRegions = (
				en,
				Base,
			);
			mainGroup = DDD0A2C228FFA8D100AE97D4;
			productRefGroup = DDD0A2CC28FFA8D100AE97D4 /* Products */;
			projectDirPath = "";
			projectRoot = "";
			targets = (
				DDD0A2CA28FFA8D100AE97D4 /* MovieSearch-MVVM */,
			);
		};
/* End PBXProject section */

/* Begin PBXResourcesBuildPhase section */
		DDD0A2C928FFA8D100AE97D4 /* Resources */ = {
			isa = PBXResourcesBuildPhase;
			buildActionMask = 2147483647;
			files = (
				DDD0A2DB28FFA8D200AE97D4 /* LaunchScreen.storyboard in Resources */,
				DDD0A2D828FFA8D200AE97D4 /* Assets.xcassets in Resources */,
				DDD0A2D628FFA8D100AE97D4 /* Main.storyboard in Resources */,
				DD1F476128FFB8DD0019BF91 /* MovieCollectionViewCell.xib in Resources */,
			);
			runOnlyForDeploymentPostprocessing = 0;
		};
/* End PBXResourcesBuildPhase section */

/* Begin PBXSourcesBuildPhase section */
		DDD0A2C728FFA8D100AE97D4 /* Sources */ = {
			isa = PBXSourcesBuildPhase;
			buildActionMask = 2147483647;
			files = (
				DDD0A2D328FFA8D100AE97D4 /* ViewController.swift in Sources */,
				DD1F475E28FFB8D50019BF91 /* MovieListModel.swift in Sources */,
				DDD0A2CF28FFA8D100AE97D4 /* AppDelegate.swift in Sources */,
				DD1F475F28FFB8D50019BF91 /* MovieCollectionViewCell.swift in Sources */,
				DDD0A2D128FFA8D100AE97D4 /* SceneDelegate.swift in Sources */,
				DD1F475B28FFB8B90019BF91 /* MovieViewModel.swift in Sources */,
			);
			runOnlyForDeploymentPostprocessing = 0;
		};
/* End PBXSourcesBuildPhase section */

/* Begin PBXVariantGroup section */
		DDD0A2D428FFA8D100AE97D4 /* Main.storyboard */ = {
			isa = PBXVariantGroup;
			children = (
				DDD0A2D528FFA8D100AE97D4 /* Base */,
			);
			name = Main.storyboard;
			sourceTree = "<group>";
		};
		DDD0A2D928FFA8D200AE97D4 /* LaunchScreen.storyboard */ = {
			isa = PBXVariantGroup;
			children = (
				DDD0A2DA28FFA8D200AE97D4 /* Base */,
			);
			name = LaunchScreen.storyboard;
			sourceTree = "<group>";
		};
/* End PBXVariantGroup section */

/* Begin XCBuildConfiguration section */
		DDD0A2DD28FFA8D200AE97D4 /* Debug */ = {
			isa = XCBuildConfiguration;
			buildSettings = {
				ALWAYS_SEARCH_USER_PATHS = NO;
				CLANG_ANALYZER_NONNULL = YES;
				CLANG_ANALYZER_NUMBER_OBJECT_CONVERSION = YES_AGGRESSIVE;
				CLANG_CXX_LANGUAGE_STANDARD = "gnu++17";
				CLANG_CXX_LIBRARY = "libc++";
				CLANG_ENABLE_MODULES = YES;
				CLANG_ENABLE_OBJC_ARC = YES;
				CLANG_ENABLE_OBJC_WEAK = YES;
				CLANG_WARN_BLOCK_CAPTURE_AUTORELEASING = YES;
				CLANG_WARN_BOOL_CONVERSION = YES;
				CLANG_WARN_COMMA = YES;
				CLANG_WARN_CONSTANT_CONVERSION = YES;
				CLANG_WARN_DEPRECATED_OBJC_IMPLEMENTATIONS = YES;
				CLANG_WARN_DIRECT_OBJC_ISA_USAGE = YES_ERROR;
				CLANG_WARN_DOCUMENTATION_COMMENTS = YES;
				CLANG_WARN_EMPTY_BODY = YES;
				CLANG_WARN_ENUM_CONVERSION = YES;
				CLANG_WARN_INFINITE_RECURSION = YES;
				CLANG_WARN_INT_CONVERSION = YES;
				CLANG_WARN_NON_LITERAL_NULL_CONVERSION = YES;
				CLANG_WARN_OBJC_IMPLICIT_RETAIN_SELF = YES;
				CLANG_WARN_OBJC_LITERAL_CONVERSION = YES;
				CLANG_WARN_OBJC_ROOT_CLASS = YES_ERROR;
				CLANG_WARN_QUOTED_INCLUDE_IN_FRAMEWORK_HEADER = YES;
				CLANG_WARN_RANGE_LOOP_ANALYSIS = YES;
				CLANG_WARN_STRICT_PROTOTYPES = YES;
				CLANG_WARN_SUSPICIOUS_MOVE = YES;
				CLANG_WARN_UNGUARDED_AVAILABILITY = YES_AGGRESSIVE;
				CLANG_WARN_UNREACHABLE_CODE = YES;
				CLANG_WARN__DUPLICATE_METHOD_MATCH = YES;
				COPY_PHASE_STRIP = NO;
				DEBUG_INFORMATION_FORMAT = dwarf;
				ENABLE_STRICT_OBJC_MSGSEND = YES;
				ENABLE_TESTABILITY = YES;
				GCC_C_LANGUAGE_STANDARD = gnu11;
				GCC_DYNAMIC_NO_PIC = NO;
				GCC_NO_COMMON_BLOCKS = YES;
				GCC_OPTIMIZATION_LEVEL = 0;
				GCC_PREPROCESSOR_DEFINITIONS = (
					"DEBUG=1",
					"$(inherited)",
				);
				GCC_WARN_64_TO_32_BIT_CONVERSION = YES;
				GCC_WARN_ABOUT_RETURN_TYPE = YES_ERROR;
				GCC_WARN_UNDECLARED_SELECTOR = YES;
				GCC_WARN_UNINITIALIZED_AUTOS = YES_AGGRESSIVE;
				GCC_WARN_UNUSED_FUNCTION = YES;
				GCC_WARN_UNUSED_VARIABLE = YES;
				IPHONEOS_DEPLOYMENT_TARGET = 15.0;
				MTL_ENABLE_DEBUG_INFO = INCLUDE_SOURCE;
				MTL_FAST_MATH = YES;
				ONLY_ACTIVE_ARCH = YES;
				SDKROOT = iphoneos;
				SWIFT_ACTIVE_COMPILATION_CONDITIONS = DEBUG;
				SWIFT_OPTIMIZATION_LEVEL = "-Onone";
			};
			name = Debug;
		};
		DDD0A2DE28FFA8D200AE97D4 /* Release */ = {
			isa = XCBuildConfiguration;
			buildSettings = {
				ALWAYS_SEARCH_USER_PATHS = NO;
				CLANG_ANALYZER_NONNULL = YES;
				CLANG_ANALYZER_NUMBER_OBJECT_CONVERSION = YES_AGGRESSIVE;
				CLANG_CXX_LANGUAGE_STANDARD = "gnu++17";
				CLANG_CXX_LIBRARY = "libc++";
				CLANG_ENABLE_MODULES = YES;
				CLANG_ENABLE_OBJC_ARC = YES;
				CLANG_ENABLE_OBJC_WEAK = YES;
				CLANG_WARN_BLOCK_CAPTURE_AUTORELEASING = YES;
				CLANG_WARN_BOOL_CONVERSION = YES;
				CLANG_WARN_COMMA = YES;
				CLANG_WARN_CONSTANT_CONVERSION = YES;
				CLANG_WARN_DEPRECATED_OBJC_IMPLEMENTATIONS = YES;
				CLANG_WARN_DIRECT_OBJC_ISA_USAGE = YES_ERROR;
				CLANG_WARN_DOCUMENTATION_COMMENTS = YES;
				CLANG_WARN_EMPTY_BODY = YES;
				CLANG_WARN_ENUM_CONVERSION = YES;
				CLANG_WARN_INFINITE_RECURSION = YES;
				CLANG_WARN_INT_CONVERSION = YES;
				CLANG_WARN_NON_LITERAL_NULL_CONVERSION = YES;
				CLANG_WARN_OBJC_IMPLICIT_RETAIN_SELF = YES;
				CLANG_WARN_OBJC_LITERAL_CONVERSION = YES;
				CLANG_WARN_OBJC_ROOT_CLASS = YES_ERROR;
				CLANG_WARN_QUOTED_INCLUDE_IN_FRAMEWORK_HEADER = YES;
				CLANG_WARN_RANGE_LOOP_ANALYSIS = YES;
				CLANG_WARN_STRICT_PROTOTYPES = YES;
				CLANG_WARN_SUSPICIOUS_MOVE = YES;
				CLANG_WARN_UNGUARDED_AVAILABILITY = YES_AGGRESSIVE;
				CLANG_WARN_UNREACHABLE_CODE = YES;
				CLANG_WARN__DUPLICATE_METHOD_MATCH = YES;
				COPY_PHASE_STRIP = NO;
				DEBUG_INFORMATION_FORMAT = "dwarf-with-dsym";
				ENABLE_NS_ASSERTIONS = NO;
				ENABLE_STRICT_OBJC_MSGSEND = YES;
				GCC_C_LANGUAGE_STANDARD = gnu11;
				GCC_NO_COMMON_BLOCKS = YES;
				GCC_WARN_64_TO_32_BIT_CONVERSION = YES;
				GCC_WARN_ABOUT_RETURN_TYPE = YES_ERROR;
				GCC_WARN_UNDECLARED_SELECTOR = YES;
				GCC_WARN_UNINITIALIZED_AUTOS = YES_AGGRESSIVE;
				GCC_WARN_UNUSED_FUNCTION = YES;
				GCC_WARN_UNUSED_VARIABLE = YES;
				IPHONEOS_DEPLOYMENT_TARGET = 15.0;
				MTL_ENABLE_DEBUG_INFO = NO;
				MTL_FAST_MATH = YES;
				SDKROOT = iphoneos;
				SWIFT_COMPILATION_MODE = wholemodule;
				SWIFT_OPTIMIZATION_LEVEL = "-O";
				VALIDATE_PRODUCT = YES;
			};
			name = Release;
		};
		DDD0A2E028FFA8D200AE97D4 /* Debug */ = {
			isa = XCBuildConfiguration;
			buildSettings = {
				ASSETCATALOG_COMPILER_APPICON_NAME = AppIcon;
				ASSETCATALOG_COMPILER_GLOBAL_ACCENT_COLOR_NAME = AccentColor;
				CODE_SIGN_STYLE = Automatic;
				CURRENT_PROJECT_VERSION = 1;
				GENERATE_INFOPLIST_FILE = YES;
				INFOPLIST_FILE = "MovieSearch-MVVM/Info.plist";
				INFOPLIST_KEY_UIApplicationSupportsIndirectInputEvents = YES;
				INFOPLIST_KEY_UILaunchStoryboardName = LaunchScreen;
				INFOPLIST_KEY_UIMainStoryboardFile = Main;
				INFOPLIST_KEY_UISupportedInterfaceOrientations_iPad = "UIInterfaceOrientationPortrait UIInterfaceOrientationPortraitUpsideDown UIInterfaceOrientationLandscapeLeft UIInterfaceOrientationLandscapeRight";
				INFOPLIST_KEY_UISupportedInterfaceOrientations_iPhone = "UIInterfaceOrientationPortrait UIInterfaceOrientationLandscapeLeft UIInterfaceOrientationLandscapeRight";
				LD_RUNPATH_SEARCH_PATHS = (
					"$(inherited)",
					"@executable_path/Frameworks",
				);
				MARKETING_VERSION = 1.0;
				PRODUCT_BUNDLE_IDENTIFIER = "com.SelfLearningPath.MovieSearch-MVVM";
				PRODUCT_NAME = "$(TARGET_NAME)";
				SWIFT_EMIT_LOC_STRINGS = YES;
				SWIFT_VERSION = 5.0;
				TARGETED_DEVICE_FAMILY = "1,2";
			};
			name = Debug;
		};
		DDD0A2E128FFA8D200AE97D4 /* Release */ = {
			isa = XCBuildConfiguration;
			buildSettings = {
				ASSETCATALOG_COMPILER_APPICON_NAME = AppIcon;
				ASSETCATALOG_COMPILER_GLOBAL_ACCENT_COLOR_NAME = AccentColor;
				CODE_SIGN_STYLE = Automatic;
				CURRENT_PROJECT_VERSION = 1;
				GENERATE_INFOPLIST_FILE = YES;
				INFOPLIST_FILE = "MovieSearch-MVVM/Info.plist";
				INFOPLIST_KEY_UIApplicationSupportsIndirectInputEvents = YES;
				INFOPLIST_KEY_UILaunchStoryboardName = LaunchScreen;
				INFOPLIST_KEY_UIMainStoryboardFile = Main;
				INFOPLIST_KEY_UISupportedInterfaceOrientations_iPad = "UIInterfaceOrientationPortrait UIInterfaceOrientationPortraitUpsideDown UIInterfaceOrientationLandscapeLeft UIInterfaceOrientationLandscapeRight";
				INFOPLIST_KEY_UISupportedInterfaceOrientations_iPhone = "UIInterfaceOrientationPortrait UIInterfaceOrientationLandscapeLeft UIInterfaceOrientationLandscapeRight";
				LD_RUNPATH_SEARCH_PATHS = (
					"$(inherited)",
					"@executable_path/Frameworks",
				);
				MARKETING_VERSION = 1.0;
				PRODUCT_BUNDLE_IDENTIFIER = "com.SelfLearningPath.MovieSearch-MVVM";
				PRODUCT_NAME = "$(TARGET_NAME)";
				SWIFT_EMIT_LOC_STRINGS = YES;
				SWIFT_VERSION = 5.0;
				TARGETED_DEVICE_FAMILY = "1,2";
			};
			name = Release;
		};
/* End XCBuildConfiguration section */

/* Begin XCConfigurationList section */
		DDD0A2C628FFA8D100AE97D4 /* Build configuration list for PBXProject "MovieSearch-MVVM" */ = {
			isa = XCConfigurationList;
			buildConfigurations = (
				DDD0A2DD28FFA8D200AE97D4 /* Debug */,
				DDD0A2DE28FFA8D200AE97D4 /* Release */,
			);
			defaultConfigurationIsVisible = 0;
			defaultConfigurationName = Release;
		};
		DDD0A2DF28FFA8D200AE97D4 /* Build configuration list for PBXNativeTarget "MovieSearch-MVVM" */ = {
			isa = XCConfigurationList;
			buildConfigurations = (
				DDD0A2E028FFA8D200AE97D4 /* Debug */,
				DDD0A2E128FFA8D200AE97D4 /* Release */,
			);
			defaultConfigurationIsVisible = 0;
			defaultConfigurationName = Release;
		};
/* End XCConfigurationList section */
	};
	rootObject = DDD0A2C328FFA8D100AE97D4 /* Project object */;
}
